
Microsoft Visual Studio Solution File, Format Version 12.00
# Visual Studio Version 17
VisualStudioVersion = 17.0.31903.59
MinimumVisualStudioVersion = 10.0.40219.1
Project("{2150E333-8FDC-42A3-9474-1A3956D46DE8}") = "src", "src", "{827E0CD3-B72D-47B6-A68D-7590B98EB39B}"
EndProject
Project("{FAE04EC0-301F-11D3-BF4B-00C04F79EFBC}") = "Kable", "src\Kable\Kable.csproj", "{6C89E6A3-641B-4203-9A62-15D1D57A7AF2}"
EndProject
Project("{FAE04EC0-301F-11D3-BF4B-00C04F79EFBC}") = "Kable.Generators", "src\Kable.Generators\Kable.Generators.csproj", "{770B1AE2-5E60-44A5-9856-A52085678844}"
EndProject
Project("{2150E333-8FDC-42A3-9474-1A3956D46DE8}") = "tests", "tests", "{0AB3BF05-4346-4AA6-1389-037BE0695223}"
EndProject
Project("{FAE04EC0-301F-11D3-BF4B-00C04F79EFBC}") = "Kable.Tests", "tests\Kable.Tests\Kable.Tests.csproj", "{42C413AC-D7FF-44C2-9D6C-AC12F0C684AC}"
EndProject
Global
	GlobalSection(SolutionConfigurationPlatforms) = preSolution
		Debug|Any CPU = Debug|Any CPU
		Debug|x64 = Debug|x64
		Debug|x86 = Debug|x86
		Release|Any CPU = Release|Any CPU
		Release|x64 = Release|x64
		Release|x86 = Release|x86
	EndGlobalSection
	GlobalSection(ProjectConfigurationPlatforms) = postSolution
		{6C89E6A3-641B-4203-9A62-15D1D57A7AF2}.Debug|Any CPU.ActiveCfg = Debug|Any CPU
		{6C89E6A3-641B-4203-9A62-15D1D57A7AF2}.Debug|Any CPU.Build.0 = Debug|Any CPU
		{6C89E6A3-641B-4203-9A62-15D1D57A7AF2}.Debug|x64.ActiveCfg = Debug|Any CPU
		{6C89E6A3-641B-4203-9A62-15D1D57A7AF2}.Debug|x64.Build.0 = Debug|Any CPU
		{6C89E6A3-641B-4203-9A62-15D1D57A7AF2}.Debug|x86.ActiveCfg = Debug|Any CPU
		{6C89E6A3-641B-4203-9A62-15D1D57A7AF2}.Debug|x86.Build.0 = Debug|Any CPU
		{6C89E6A3-641B-4203-9A62-15D1D57A7AF2}.Release|Any CPU.ActiveCfg = Release|Any CPU
		{6C89E6A3-641B-4203-9A62-15D1D57A7AF2}.Release|Any CPU.Build.0 = Release|Any CPU
		{6C89E6A3-641B-4203-9A62-15D1D57A7AF2}.Release|x64.ActiveCfg = Release|Any CPU
		{6C89E6A3-641B-4203-9A62-15D1D57A7AF2}.Release|x64.Build.0 = Release|Any CPU
		{6C89E6A3-641B-4203-9A62-15D1D57A7AF2}.Release|x86.ActiveCfg = Release|Any CPU
		{6C89E6A3-641B-4203-9A62-15D1D57A7AF2}.Release|x86.Build.0 = Release|Any CPU
		{770B1AE2-5E60-44A5-9856-A52085678844}.Debug|Any CPU.ActiveCfg = Debug|Any CPU
		{770B1AE2-5E60-44A5-9856-A52085678844}.Debug|Any CPU.Build.0 = Debug|Any CPU
		{770B1AE2-5E60-44A5-9856-A52085678844}.Debug|x64.ActiveCfg = Debug|Any CPU
		{770B1AE2-5E60-44A5-9856-A52085678844}.Debug|x64.Build.0 = Debug|Any CPU
		{770B1AE2-5E60-44A5-9856-A52085678844}.Debug|x86.ActiveCfg = Debug|Any CPU
		{770B1AE2-5E60-44A5-9856-A52085678844}.Debug|x86.Build.0 = Debug|Any CPU
		{770B1AE2-5E60-44A5-9856-A52085678844}.Release|Any CPU.ActiveCfg = Release|Any CPU
		{770B1AE2-5E60-44A5-9856-A52085678844}.Release|Any CPU.Build.0 = Release|Any CPU
		{770B1AE2-5E60-44A5-9856-A52085678844}.Release|x64.ActiveCfg = Release|Any CPU
		{770B1AE2-5E60-44A5-9856-A52085678844}.Release|x64.Build.0 = Release|Any CPU
		{770B1AE2-5E60-44A5-9856-A52085678844}.Release|x86.ActiveCfg = Release|Any CPU
		{770B1AE2-5E60-44A5-9856-A52085678844}.Release|x86.Build.0 = Release|Any CPU
		{42C413AC-D7FF-44C2-9D6C-AC12F0C684AC}.Debug|Any CPU.ActiveCfg = Debug|Any CPU
		{42C413AC-D7FF-44C2-9D6C-AC12F0C684AC}.Debug|Any CPU.Build.0 = Debug|Any CPU
		{42C413AC-D7FF-44C2-9D6C-AC12F0C684AC}.Debug|x64.ActiveCfg = Debug|Any CPU
		{42C413AC-D7FF-44C2-9D6C-AC12F0C684AC}.Debug|x64.Build.0 = Debug|Any CPU
		{42C413AC-D7FF-44C2-9D6C-AC12F0C684AC}.Debug|x86.ActiveCfg = Debug|Any CPU
		{42C413AC-D7FF-44C2-9D6C-AC12F0C684AC}.Debug|x86.Build.0 = Debug|Any CPU
		{42C413AC-D7FF-44C2-9D6C-AC12F0C684AC}.Release|Any CPU.ActiveCfg = Release|Any CPU
		{42C413AC-D7FF-44C2-9D6C-AC12F0C684AC}.Release|Any CPU.Build.0 = Release|Any CPU
		{42C413AC-D7FF-44C2-9D6C-AC12F0C684AC}.Release|x64.ActiveCfg = Release|Any CPU
		{42C413AC-D7FF-44C2-9D6C-AC12F0C684AC}.Release|x64.Build.0 = Release|Any CPU
		{42C413AC-D7FF-44C2-9D6C-AC12F0C684AC}.Release|x86.ActiveCfg = Release|Any CPU
		{42C413AC-D7FF-44C2-9D6C-AC12F0C684AC}.Release|x86.Build.0 = Release|Any CPU
	EndGlobalSection
	GlobalSection(SolutionProperties) = preSolution
		HideSolutionNode = FALSE
	EndGlobalSection
	GlobalSection(NestedProjects) = preSolution
		{6C89E6A3-641B-4203-9A62-15D1D57A7AF2} = {827E0CD3-B72D-47B6-A68D-7590B98EB39B}
		{770B1AE2-5E60-44A5-9856-A52085678844} = {827E0CD3-B72D-47B6-A68D-7590B98EB39B}
		{42C413AC-D7FF-44C2-9D6C-AC12F0C684AC} = {0AB3BF05-4346-4AA6-1389-037BE0695223}
	EndGlobalSection
EndGlobal
